
Microsoft Visual Studio Solution File, Format Version 12.00
# Visual Studio Version 16
VisualStudioVersion = 16.0.30104.148
MinimumVisualStudioVersion = 10.0.40219.1
Project("{FAE04EC0-301F-11D3-BF4B-00C04F79EFBC}") = "FoodDelivery", "FoodDelivery\FoodDelivery.csproj", "{F626213F-9BF5-4761-830B-C6CFBC5F995A}"
EndProject
Project("{FAE04EC0-301F-11D3-BF4B-00C04F79EFBC}") = "FoodDelivery.Entities", "FoodDelivery.Entities\FoodDelivery.Entities.csproj", "{30DB69FC-E4E5-4372-896A-BCAB991DCB3B}"
EndProject
Project("{FAE04EC0-301F-11D3-BF4B-00C04F79EFBC}") = "FoodDelivery.Data", "FoodDelivery.Data\FoodDelivery.Data.csproj", "{CF96EF0D-0EE3-42A9-9939-DF78C9D83A75}"
EndProject
Global
	GlobalSection(SolutionConfigurationPlatforms) = preSolution
		Debug|Any CPU = Debug|Any CPU
		Release|Any CPU = Release|Any CPU
	EndGlobalSection
	GlobalSection(ProjectConfigurationPlatforms) = postSolution
		{F626213F-9BF5-4761-830B-C6CFBC5F995A}.Debug|Any CPU.ActiveCfg = Debug|Any CPU
		{F626213F-9BF5-4761-830B-C6CFBC5F995A}.Debug|Any CPU.Build.0 = Debug|Any CPU
		{F626213F-9BF5-4761-830B-C6CFBC5F995A}.Release|Any CPU.ActiveCfg = Release|Any CPU
		{F626213F-9BF5-4761-830B-C6CFBC5F995A}.Release|Any CPU.Build.0 = Release|Any CPU
		{30DB69FC-E4E5-4372-896A-BCAB991DCB3B}.Debug|Any CPU.ActiveCfg = Debug|Any CPU
		{30DB69FC-E4E5-4372-896A-BCAB991DCB3B}.Debug|Any CPU.Build.0 = Debug|Any CPU
		{30DB69FC-E4E5-4372-896A-BCAB991DCB3B}.Release|Any CPU.ActiveCfg = Release|Any CPU
		{30DB69FC-E4E5-4372-896A-BCAB991DCB3B}.Release|Any CPU.Build.0 = Release|Any CPU
		{CF96EF0D-0EE3-42A9-9939-DF78C9D83A75}.Debug|Any CPU.ActiveCfg = Debug|Any CPU
		{CF96EF0D-0EE3-42A9-9939-DF78C9D83A75}.Debug|Any CPU.Build.0 = Debug|Any CPU
		{CF96EF0D-0EE3-42A9-9939-DF78C9D83A75}.Release|Any CPU.ActiveCfg = Release|Any CPU
		{CF96EF0D-0EE3-42A9-9939-DF78C9D83A75}.Release|Any CPU.Build.0 = Release|Any CPU
	EndGlobalSection
	GlobalSection(SolutionProperties) = preSolution
		HideSolutionNode = FALSE
	EndGlobalSection
	GlobalSection(ExtensibilityGlobals) = postSolution
		SolutionGuid = {1E827428-4EAB-457C-9B38-FB37D3D059CC}
	EndGlobalSection
EndGlobal
